
Microsoft Visual Studio Solution File, Format Version 12.00
# Visual Studio 15
VisualStudioVersion = 15.0.28010.2041
MinimumVisualStudioVersion = 10.0.40219.1
Project("{8BC9CEB8-8B4A-11D0-8D11-00A0C91BC942}") = "BullsAndCows", "BullsAndCows\BullsAndCows.vcxproj", "{C83E087D-2EF8-401B-9C97-204801FB6846}"
EndProject
Global
	GlobalSection(SolutionConfigurationPlatforms) = preSolution
		Debug|x64 = Debug|x64
		Debug|x86 = Debug|x86
		Release|x64 = Release|x64
		Release|x86 = Release|x86
	EndGlobalSection
	GlobalSection(ProjectConfigurationPlatforms) = postSolution
		{C83E087D-2EF8-401B-9C97-204801FB6846}.Debug|x64.ActiveCfg = Debug|x64
		{C83E087D-2EF8-401B-9C97-204801FB6846}.Debug|x64.Build.0 = Debug|x64
		{C83E087D-2EF8-401B-9C97-204801FB6846}.Debug|x86.ActiveCfg = Debug|Win32
		{C83E087D-2EF8-401B-9C97-204801FB6846}.Debug|x86.Build.0 = Debug|Win32
		{C83E087D-2EF8-401B-9C97-204801FB6846}.Release|x64.ActiveCfg = Release|x64
		{C83E087D-2EF8-401B-9C97-204801FB6846}.Release|x64.Build.0 = Release|x64
		{C83E087D-2EF8-401B-9C97-204801FB6846}.Release|x86.ActiveCfg = Release|Win32
		{C83E087D-2EF8-401B-9C97-204801FB6846}.Release|x86.Build.0 = Release|Win32
	EndGlobalSection
	GlobalSection(SolutionProperties) = preSolution
		HideSolutionNode = FALSE
	EndGlobalSection
	GlobalSection(ExtensibilityGlobals) = postSolution
		SolutionGuid = {2307154F-5DF3-4375-B4DC-B838D3070FB9}
	EndGlobalSection
EndGlobal
